
Microsoft Visual Studio Solution File, Format Version 12.00
# Visual Studio Version 16
VisualStudioVersion = 16.0.36422.26
MinimumVisualStudioVersion = 10.0.40219.1
Project("{FAE04EC0-301F-11D3-BF4B-00C04F79EFBC}") = "MZWlyt", "MZWlyt.csproj", "{12CFB879-5BF0-4400-9553-03F5133D0EB5}"
EndProject
Global
	GlobalSection(SolutionConfigurationPlatforms) = preSolution
		Debug|Any CPU = Debug|Any CPU
		Release|Any CPU = Release|Any CPU
	EndGlobalSection
	GlobalSection(ProjectConfigurationPlatforms) = postSolution
		{12CFB879-5BF0-4400-9553-03F5133D0EB5}.Debug|Any CPU.ActiveCfg = Debug|Any CPU
		{12CFB879-5BF0-4400-9553-03F5133D0EB5}.Debug|Any CPU.Build.0 = Debug|Any CPU
		{12CFB879-5BF0-4400-9553-03F5133D0EB5}.Release|Any CPU.ActiveCfg = Release|Any CPU
		{12CFB879-5BF0-4400-9553-03F5133D0EB5}.Release|Any CPU.Build.0 = Release|Any CPU
	EndGlobalSection
	GlobalSection(SolutionProperties) = preSolution
		HideSolutionNode = FALSE
	EndGlobalSection
	GlobalSection(ExtensibilityGlobals) = postSolution
		SolutionGuid = {5DCB157E-C1E4-4931-8B58-9E3F5CF600CB}
	EndGlobalSection
EndGlobal
